// !$*UTF8*$!
{
	archiveVersion = 1;
	classes = {
	};
	objectVersion = 48;
	objects = {

/* Begin PBXBuildFile section */
		6B25D4A5203B197400C4F08C /* AppDelegate.swift in Sources */ = {isa = PBXBuildFile; fileRef = 6B25D4A4203B197400C4F08C /* AppDelegate.swift */; };
		6B25D4A7203B197400C4F08C /* ViewController.swift in Sources */ = {isa = PBXBuildFile; fileRef = 6B25D4A6203B197400C4F08C /* ViewController.swift */; };
		6B25D4AA203B197400C4F08C /* Main.storyboard in Resources */ = {isa = PBXBuildFile; fileRef = 6B25D4A8203B197400C4F08C /* Main.storyboard */; };
		6B25D4AC203B197400C4F08C /* Assets.xcassets in Resources */ = {isa = PBXBuildFile; fileRef = 6B25D4AB203B197400C4F08C /* Assets.xcassets */; };
		6B25D4AF203B197400C4F08C /* LaunchScreen.storyboard in Resources */ = {isa = PBXBuildFile; fileRef = 6B25D4AD203B197400C4F08C /* LaunchScreen.storyboard */; };
		6B25D4B7203B1CB200C4F08C /* creatures.plist in Resources */ = {isa = PBXBuildFile; fileRef = 6B25D4B6203B1CB200C4F08C /* creatures.plist */; };
		6B25D4BB203B23B700C4F08C /* Creatures.swift in Sources */ = {isa = PBXBuildFile; fileRef = 6B25D4BA203B23B700C4F08C /* Creatures.swift */; };
		6B25D4BD203B37DB00C4F08C /* DetailViewController.swift in Sources */ = {isa = PBXBuildFile; fileRef = 6B25D4BC203B37DB00C4F08C /* DetailViewController.swift */; };
		6B25D4BF203B4BC400C4F08C /* AddCharacterViewController.swift in Sources */ = {isa = PBXBuildFile; fileRef = 6B25D4BE203B4BC400C4F08C /* AddCharacterViewController.swift */; };
		6B25D4C1203B5B8800C4F08C /* userData.plist in Resources */ = {isa = PBXBuildFile; fileRef = 6B25D4C0203B5B8700C4F08C /* userData.plist */; };
		6B25D4C3203B607D00C4F08C /* CreaturesInfoTableViewController.swift in Sources */ = {isa = PBXBuildFile; fileRef = 6B25D4C2203B607D00C4F08C /* CreaturesInfoTableViewController.swift */; };
		6B25D4C5203B675000C4F08C /* SearchResultsController.swift in Sources */ = {isa = PBXBuildFile; fileRef = 6B25D4C4203B675000C4F08C /* SearchResultsController.swift */; };
/* End PBXBuildFile section */

/* Begin PBXFileReference section */
		6B25D4A1203B197400C4F08C /* Lab2_madinger.app */ = {isa = PBXFileReference; explicitFileType = wrapper.application; includeInIndex = 0; path = Lab2_madinger.app; sourceTree = BUILT_PRODUCTS_DIR; };
		6B25D4A4203B197400C4F08C /* AppDelegate.swift */ = {isa = PBXFileReference; lastKnownFileType = sourcecode.swift; path = AppDelegate.swift; sourceTree = "<group>"; };
		6B25D4A6203B197400C4F08C /* ViewController.swift */ = {isa = PBXFileReference; lastKnownFileType = sourcecode.swift; path = ViewController.swift; sourceTree = "<group>"; };
		6B25D4A9203B197400C4F08C /* Base */ = {isa = PBXFileReference; lastKnownFileType = file.storyboard; name = Base; path = Base.lproj/Main.storyboard; sourceTree = "<group>"; };
		6B25D4AB203B197400C4F08C /* Assets.xcassets */ = {isa = PBXFileReference; lastKnownFileType = folder.assetcatalog; path = Assets.xcassets; sourceTree = "<group>"; };
		6B25D4AE203B197400C4F08C /* Base */ = {isa = PBXFileReference; lastKnownFileType = file.storyboard; name = Base; path = Base.lproj/LaunchScreen.storyboard; sourceTree = "<group>"; };
		6B25D4B0203B197400C4F08C /* Info.plist */ = {isa = PBXFileReference; lastKnownFileType = text.plist.xml; path = Info.plist; sourceTree = "<group>"; };
		6B25D4B6203B1CB200C4F08C /* creatures.plist */ = {isa = PBXFileReference; lastKnownFileType = text.plist.xml; path = creatures.plist; sourceTree = "<group>"; };
		6B25D4BA203B23B700C4F08C /* Creatures.swift */ = {isa = PBXFileReference; lastKnownFileType = sourcecode.swift; path = Creatures.swift; sourceTree = "<group>"; };
		6B25D4BC203B37DB00C4F08C /* DetailViewController.swift */ = {isa = PBXFileReference; lastKnownFileType = sourcecode.swift; path = DetailViewController.swift; sourceTree = "<group>"; };
		6B25D4BE203B4BC400C4F08C /* AddCharacterViewController.swift */ = {isa = PBXFileReference; lastKnownFileType = sourcecode.swift; path = AddCharacterViewController.swift; sourceTree = "<group>"; };
		6B25D4C0203B5B8700C4F08C /* userData.plist */ = {isa = PBXFileReference; lastKnownFileType = text.plist.xml; path = userData.plist; sourceTree = "<group>"; };
		6B25D4C2203B607D00C4F08C /* CreaturesInfoTableViewController.swift */ = {isa = PBXFileReference; lastKnownFileType = sourcecode.swift; path = CreaturesInfoTableViewController.swift; sourceTree = "<group>"; };
		6B25D4C4203B675000C4F08C /* SearchResultsController.swift */ = {isa = PBXFileReference; lastKnownFileType = sourcecode.swift; path = SearchResultsController.swift; sourceTree = "<group>"; };
/* End PBXFileReference section */

/* Begin PBXFrameworksBuildPhase section */
		6B25D49E203B197400C4F08C /* Frameworks */ = {
			isa = PBXFrameworksBuildPhase;
			buildActionMask = 2147483647;
			files = (
			);
			runOnlyForDeploymentPostprocessing = 0;
		};
/* End PBXFrameworksBuildPhase section */

/* Begin PBXGroup section */
		6B25D498203B197400C4F08C = {
			isa = PBXGroup;
			children = (
				6B25D4A3203B197400C4F08C /* Lab2_madinger */,
				6B25D4A2203B197400C4F08C /* Products */,
			);
			sourceTree = "<group>";
		};
		6B25D4A2203B197400C4F08C /* Products */ = {
			isa = PBXGroup;
			children = (
				6B25D4A1203B197400C4F08C /* Lab2_madinger.app */,
			);
			name = Products;
			sourceTree = "<group>";
		};
		6B25D4A3203B197400C4F08C /* Lab2_madinger */ = {
			isa = PBXGroup;
			children = (
				6B25D4A4203B197400C4F08C /* AppDelegate.swift */,
				6B25D4A6203B197400C4F08C /* ViewController.swift */,
				6B25D4BC203B37DB00C4F08C /* DetailViewController.swift */,
				6B25D4BE203B4BC400C4F08C /* AddCharacterViewController.swift */,
				6B25D4C2203B607D00C4F08C /* CreaturesInfoTableViewController.swift */,
				6B25D4C4203B675000C4F08C /* SearchResultsController.swift */,
				6B25D4BA203B23B700C4F08C /* Creatures.swift */,
				6B25D4A8203B197400C4F08C /* Main.storyboard */,
				6B25D4AB203B197400C4F08C /* Assets.xcassets */,
				6B25D4AD203B197400C4F08C /* LaunchScreen.storyboard */,
				6B25D4B0203B197400C4F08C /* Info.plist */,
				6B25D4B6203B1CB200C4F08C /* creatures.plist */,
				6B25D4C0203B5B8700C4F08C /* userData.plist */,
			);
			path = Lab2_madinger;
			sourceTree = "<group>";
		};
/* End PBXGroup section */

/* Begin PBXNativeTarget section */
		6B25D4A0203B197400C4F08C /* Lab2_madinger */ = {
			isa = PBXNativeTarget;
			buildConfigurationList = 6B25D4B3203B197400C4F08C /* Build configuration list for PBXNativeTarget "Lab2_madinger" */;
			buildPhases = (
				6B25D49D203B197400C4F08C /* Sources */,
				6B25D49E203B197400C4F08C /* Frameworks */,
				6B25D49F203B197400C4F08C /* Resources */,
			);
			buildRules = (
			);
			dependencies = (
			);
			name = Lab2_madinger;
			productName = Lab2_madinger;
			productReference = 6B25D4A1203B197400C4F08C /* Lab2_madinger.app */;
			productType = "com.apple.product-type.application";
		};
/* End PBXNativeTarget section */

/* Begin PBXProject section */
		6B25D499203B197400C4F08C /* Project object */ = {
			isa = PBXProject;
			attributes = {
				LastSwiftUpdateCheck = 0920;
				LastUpgradeCheck = 0920;
				ORGANIZATIONNAME = "Dilara Madinger";
				TargetAttributes = {
					6B25D4A0203B197400C4F08C = {
						CreatedOnToolsVersion = 9.2;
						ProvisioningStyle = Automatic;
					};
				};
			};
			buildConfigurationList = 6B25D49C203B197400C4F08C /* Build configuration list for PBXProject "Lab2_madinger" */;
			compatibilityVersion = "Xcode 8.0";
			developmentRegion = en;
			hasScannedForEncodings = 0;
			knownRegions = (
				en,
				Base,
			);
			mainGroup = 6B25D498203B197400C4F08C;
			productRefGroup = 6B25D4A2203B197400C4F08C /* Products */;
			projectDirPath = "";
			projectRoot = "";
			targets = (
				6B25D4A0203B197400C4F08C /* Lab2_madinger */,
			);
		};
/* End PBXProject section */

/* Begin PBXResourcesBuildPhase section */
		6B25D49F203B197400C4F08C /* Resources */ = {
			isa = PBXResourcesBuildPhase;
			buildActionMask = 2147483647;
			files = (
				6B25D4AF203B197400C4F08C /* LaunchScreen.storyboard in Resources */,
				6B25D4AC203B197400C4F08C /* Assets.xcassets in Resources */,
				6B25D4AA203B197400C4F08C /* Main.storyboard in Resources */,
				6B25D4C1203B5B8800C4F08C /* userData.plist in Resources */,
				6B25D4B7203B1CB200C4F08C /* creatures.plist in Resources */,
			);
			runOnlyForDeploymentPostprocessing = 0;
		};
/* End PBXResourcesBuildPhase section */

/* Begin PBXSourcesBuildPhase section */
		6B25D49D203B197400C4F08C /* Sources */ = {
			isa = PBXSourcesBuildPhase;
			buildActionMask = 2147483647;
			files = (
				6B25D4BF203B4BC400C4F08C /* AddCharacterViewController.swift in Sources */,
				6B25D4C3203B607D00C4F08C /* CreaturesInfoTableViewController.swift in Sources */,
				6B25D4BD203B37DB00C4F08C /* DetailViewController.swift in Sources */,
				6B25D4C5203B675000C4F08C /* SearchResultsController.swift in Sources */,
				6B25D4BB203B23B700C4F08C /* Creatures.swift in Sources */,
				6B25D4A7203B197400C4F08C /* ViewController.swift in Sources */,
				6B25D4A5203B197400C4F08C /* AppDelegate.swift in Sources */,
			);
			runOnlyForDeploymentPostprocessing = 0;
		};
/* End PBXSourcesBuildPhase section */

/* Begin PBXVariantGroup section */
		6B25D4A8203B197400C4F08C /* Main.storyboard */ = {
			isa = PBXVariantGroup;
			children = (
				6B25D4A9203B197400C4F08C /* Base */,
			);
			name = Main.storyboard;
			sourceTree = "<group>";
		};
		6B25D4AD203B197400C4F08C /* LaunchScreen.storyboard */ = {
			isa = PBXVariantGroup;
			children = (
				6B25D4AE203B197400C4F08C /* Base */,
			);
			name = LaunchScreen.storyboard;
			sourceTree = "<group>";
		};
/* End PBXVariantGroup section */

/* Begin XCBuildConfiguration section */
		6B25D4B1203B197400C4F08C /* Debug */ = {
			isa = XCBuildConfiguration;
			buildSettings = {
				ALWAYS_SEARCH_USER_PATHS = NO;
				CLANG_ANALYZER_NONNULL = YES;
				CLANG_ANALYZER_NUMBER_OBJECT_CONVERSION = YES_AGGRESSIVE;
				CLANG_CXX_LANGUAGE_STANDARD = "gnu++14";
				CLANG_CXX_LIBRARY = "libc++";
				CLANG_ENABLE_MODULES = YES;
				CLANG_ENABLE_OBJC_ARC = YES;
				CLANG_WARN_BLOCK_CAPTURE_AUTORELEASING = YES;
				CLANG_WARN_BOOL_CONVERSION = YES;
				CLANG_WARN_COMMA = YES;
				CLANG_WARN_CONSTANT_CONVERSION = YES;
				CLANG_WARN_DIRECT_OBJC_ISA_USAGE = YES_ERROR;
				CLANG_WARN_DOCUMENTATION_COMMENTS = YES;
				CLANG_WARN_EMPTY_BODY = YES;
				CLANG_WARN_ENUM_CONVERSION = YES;
				CLANG_WARN_INFINITE_RECURSION = YES;
				CLANG_WARN_INT_CONVERSION = YES;
				CLANG_WARN_NON_LITERAL_NULL_CONVERSION = YES;
				CLANG_WARN_OBJC_LITERAL_CONVERSION = YES;
				CLANG_WARN_OBJC_ROOT_CLASS = YES_ERROR;
				CLANG_WARN_RANGE_LOOP_ANALYSIS = YES;
				CLANG_WARN_STRICT_PROTOTYPES = YES;
				CLANG_WARN_SUSPICIOUS_MOVE = YES;
				CLANG_WARN_UNGUARDED_AVAILABILITY = YES_AGGRESSIVE;
				CLANG_WARN_UNREACHABLE_CODE = YES;
				CLANG_WARN__DUPLICATE_METHOD_MATCH = YES;
				CODE_SIGN_IDENTITY = "iPhone Developer";
				COPY_PHASE_STRIP = NO;
				DEBUG_INFORMATION_FORMAT = dwarf;
				ENABLE_STRICT_OBJC_MSGSEND = YES;
				ENABLE_TESTABILITY = YES;
				GCC_C_LANGUAGE_STANDARD = gnu11;
				GCC_DYNAMIC_NO_PIC = NO;
				GCC_NO_COMMON_BLOCKS = YES;
				GCC_OPTIMIZATION_LEVEL = 0;
				GCC_PREPROCESSOR_DEFINITIONS = (
					"DEBUG=1",
					"$(inherited)",
				);
				GCC_WARN_64_TO_32_BIT_CONVERSION = YES;
				GCC_WARN_ABOUT_RETURN_TYPE = YES_ERROR;
				GCC_WARN_UNDECLARED_SELECTOR = YES;
				GCC_WARN_UNINITIALIZED_AUTOS = YES_AGGRESSIVE;
				GCC_WARN_UNUSED_FUNCTION = YES;
				GCC_WARN_UNUSED_VARIABLE = YES;
				IPHONEOS_DEPLOYMENT_TARGET = 11.2;
				MTL_ENABLE_DEBUG_INFO = YES;
				ONLY_ACTIVE_ARCH = YES;
				SDKROOT = iphoneos;
				SWIFT_ACTIVE_COMPILATION_CONDITIONS = DEBUG;
				SWIFT_OPTIMIZATION_LEVEL = "-Onone";
			};
			name = Debug;
		};
		6B25D4B2203B197400C4F08C /* Release */ = {
			isa = XCBuildConfiguration;
			buildSettings = {
				ALWAYS_SEARCH_USER_PATHS = NO;
				CLANG_ANALYZER_NONNULL = YES;
				CLANG_ANALYZER_NUMBER_OBJECT_CONVERSION = YES_AGGRESSIVE;
				CLANG_CXX_LANGUAGE_STANDARD = "gnu++14";
				CLANG_CXX_LIBRARY = "libc++";
				CLANG_ENABLE_MODULES = YES;
				CLANG_ENABLE_OBJC_ARC = YES;
				CLANG_WARN_BLOCK_CAPTURE_AUTORELEASING = YES;
				CLANG_WARN_BOOL_CONVERSION = YES;
				CLANG_WARN_COMMA = YES;
				CLANG_WARN_CONSTANT_CONVERSION = YES;
				CLANG_WARN_DIRECT_OBJC_ISA_USAGE = YES_ERROR;
				CLANG_WARN_DOCUMENTATION_COMMENTS = YES;
				CLANG_WARN_EMPTY_BODY = YES;
				CLANG_WARN_ENUM_CONVERSION = YES;
				CLANG_WARN_INFINITE_RECURSION = YES;
				CLANG_WARN_INT_CONVERSION = YES;
				CLANG_WARN_NON_LITERAL_NULL_CONVERSION = YES;
				CLANG_WARN_OBJC_LITERAL_CONVERSION = YES;
				CLANG_WARN_OBJC_ROOT_CLASS = YES_ERROR;
				CLANG_WARN_RANGE_LOOP_ANALYSIS = YES;
				CLANG_WARN_STRICT_PROTOTYPES = YES;
				CLANG_WARN_SUSPICIOUS_MOVE = YES;
				CLANG_WARN_UNGUARDED_AVAILABILITY = YES_AGGRESSIVE;
				CLANG_WARN_UNREACHABLE_CODE = YES;
				CLANG_WARN__DUPLICATE_METHOD_MATCH = YES;
				CODE_SIGN_IDENTITY = "iPhone Developer";
				COPY_PHASE_STRIP = NO;
				DEBUG_INFORMATION_FORMAT = "dwarf-with-dsym";
				ENABLE_NS_ASSERTIONS = NO;
				ENABLE_STRICT_OBJC_MSGSEND = YES;
				GCC_C_LANGUAGE_STANDARD = gnu11;
				GCC_NO_COMMON_BLOCKS = YES;
				GCC_WARN_64_TO_32_BIT_CONVERSION = YES;
				GCC_WARN_ABOUT_RETURN_TYPE = YES_ERROR;
				GCC_WARN_UNDECLARED_SELECTOR = YES;
				GCC_WARN_UNINITIALIZED_AUTOS = YES_AGGRESSIVE;
				GCC_WARN_UNUSED_FUNCTION = YES;
				GCC_WARN_UNUSED_VARIABLE = YES;
				IPHONEOS_DEPLOYMENT_TARGET = 11.2;
				MTL_ENABLE_DEBUG_INFO = NO;
				SDKROOT = iphoneos;
				SWIFT_OPTIMIZATION_LEVEL = "-Owholemodule";
				VALIDATE_PRODUCT = YES;
			};
			name = Release;
		};
		6B25D4B4203B197400C4F08C /* Debug */ = {
			isa = XCBuildConfiguration;
			buildSettings = {
				ASSETCATALOG_COMPILER_APPICON_NAME = AppIcon;
				CODE_SIGN_STYLE = Automatic;
				DEVELOPMENT_TEAM = LB875SBW6C;
				INFOPLIST_FILE = Lab2_madinger/Info.plist;
				LD_RUNPATH_SEARCH_PATHS = "$(inherited) @executable_path/Frameworks";
				PRODUCT_BUNDLE_IDENTIFIER = "cu.Lab2-madinger";
				PRODUCT_NAME = "$(TARGET_NAME)";
				SWIFT_VERSION = 4.0;
				TARGETED_DEVICE_FAMILY = "1,2";
			};
			name = Debug;
		};
		6B25D4B5203B197400C4F08C /* Release */ = {
			isa = XCBuildConfiguration;
			buildSettings = {
				ASSETCATALOG_COMPILER_APPICON_NAME = AppIcon;
				CODE_SIGN_STYLE = Automatic;
				DEVELOPMENT_TEAM = LB875SBW6C;
				INFOPLIST_FILE = Lab2_madinger/Info.plist;
				LD_RUNPATH_SEARCH_PATHS = "$(inherited) @executable_path/Frameworks";
				PRODUCT_BUNDLE_IDENTIFIER = "cu.Lab2-madinger";
				PRODUCT_NAME = "$(TARGET_NAME)";
				SWIFT_VERSION = 4.0;
				TARGETED_DEVICE_FAMILY = "1,2";
			};
			name = Release;
		};
/* End XCBuildConfiguration section */

/* Begin XCConfigurationList section */
		6B25D49C203B197400C4F08C /* Build configuration list for PBXProject "Lab2_madinger" */ = {
			isa = XCConfigurationList;
			buildConfigurations = (
				6B25D4B1203B197400C4F08C /* Debug */,
				6B25D4B2203B197400C4F08C /* Release */,
			);
			defaultConfigurationIsVisible = 0;
			defaultConfigurationName = Release;
		};
		6B25D4B3203B197400C4F08C /* Build configuration list for PBXNativeTarget "Lab2_madinger" */ = {
			isa = XCConfigurationList;
			buildConfigurations = (
				6B25D4B4203B197400C4F08C /* Debug */,
				6B25D4B5203B197400C4F08C /* Release */,
			);
			defaultConfigurationIsVisible = 0;
			defaultConfigurationName = Release;
		};
/* End XCConfigurationList section */
	};
	rootObject = 6B25D499203B197400C4F08C /* Project object */;
}
