// !$*UTF8*$!
{
	archiveVersion = 1;
	classes = {
	};
	objectVersion = 48;
	objects = {

/* Begin PBXBuildFile section */
		6B11798120544DCC00D1EB90 /* MyComputer.swift in Sources */ = {isa = PBXBuildFile; fileRef = 6B11798020544DCC00D1EB90 /* MyComputer.swift */; };
		6B1179832054502400D1EB90 /* MyComputerDetailViewController.swift in Sources */ = {isa = PBXBuildFile; fileRef = 6B1179822054502400D1EB90 /* MyComputerDetailViewController.swift */; };
		6B117985205454BA00D1EB90 /* Network.swift in Sources */ = {isa = PBXBuildFile; fileRef = 6B117984205454BA00D1EB90 /* Network.swift */; };
		6B1179872054550300D1EB90 /* Network.plist in Resources */ = {isa = PBXBuildFile; fileRef = 6B1179862054550300D1EB90 /* Network.plist */; };
		6B117989205455D600D1EB90 /* NetworkDetailViewController.swift in Sources */ = {isa = PBXBuildFile; fileRef = 6B117988205455D600D1EB90 /* NetworkDetailViewController.swift */; };
		6B7CA35320519F4700DB4C3B /* DirectionsDetailViewController.swift in Sources */ = {isa = PBXBuildFile; fileRef = 6B7CA35220519F4700DB4C3B /* DirectionsDetailViewController.swift */; };
		6B92FE2420543D07003149E2 /* MyComputer.plist in Resources */ = {isa = PBXBuildFile; fileRef = 6B92FE2320543D07003149E2 /* MyComputer.plist */; };
		6BB6E1BD2050BAA6002EC3F1 /* AppDelegate.swift in Sources */ = {isa = PBXBuildFile; fileRef = 6BB6E1BC2050BAA6002EC3F1 /* AppDelegate.swift */; };
		6BB6E1C42050BAA6002EC3F1 /* Main.storyboard in Resources */ = {isa = PBXBuildFile; fileRef = 6BB6E1C22050BAA6002EC3F1 /* Main.storyboard */; };
		6BB6E1C62050BAA6002EC3F1 /* Assets.xcassets in Resources */ = {isa = PBXBuildFile; fileRef = 6BB6E1C52050BAA6002EC3F1 /* Assets.xcassets */; };
		6BB6E1C92050BAA6002EC3F1 /* LaunchScreen.storyboard in Resources */ = {isa = PBXBuildFile; fileRef = 6BB6E1C72050BAA6002EC3F1 /* LaunchScreen.storyboard */; };
		6BB6E1D120516829002EC3F1 /* NetworkViewController.swift in Sources */ = {isa = PBXBuildFile; fileRef = 6BB6E1D020516829002EC3F1 /* NetworkViewController.swift */; };
		6BB6E1D320516B11002EC3F1 /* MyComputerViewController.swift in Sources */ = {isa = PBXBuildFile; fileRef = 6BB6E1D220516B11002EC3F1 /* MyComputerViewController.swift */; };
		6BB6E1D520516BA3002EC3F1 /* DirectionsViewController.swift in Sources */ = {isa = PBXBuildFile; fileRef = 6BB6E1D420516BA3002EC3F1 /* DirectionsViewController.swift */; };
		6BB6E1D720516DE1002EC3F1 /* Directions.plist in Resources */ = {isa = PBXBuildFile; fileRef = 6BB6E1D620516DE1002EC3F1 /* Directions.plist */; };
		6BB6E1D920517052002EC3F1 /* Directions.swift in Sources */ = {isa = PBXBuildFile; fileRef = 6BB6E1D820517052002EC3F1 /* Directions.swift */; };
		DEB83E71F6E1B5BE0EF1A31D /* Pods_Linux4Ltls.framework in Frameworks */ = {isa = PBXBuildFile; fileRef = 196402424BFB9E90C3FCA2F8 /* Pods_Linux4Ltls.framework */; };
/* End PBXBuildFile section */

/* Begin PBXFileReference section */
		196402424BFB9E90C3FCA2F8 /* Pods_Linux4Ltls.framework */ = {isa = PBXFileReference; explicitFileType = wrapper.framework; includeInIndex = 0; path = Pods_Linux4Ltls.framework; sourceTree = BUILT_PRODUCTS_DIR; };
		52C310DB6FF315422006E001 /* Pods-Linux4Ltls.debug.xcconfig */ = {isa = PBXFileReference; includeInIndex = 1; lastKnownFileType = text.xcconfig; name = "Pods-Linux4Ltls.debug.xcconfig"; path = "Pods/Target Support Files/Pods-Linux4Ltls/Pods-Linux4Ltls.debug.xcconfig"; sourceTree = "<group>"; };
		6B11798020544DCC00D1EB90 /* MyComputer.swift */ = {isa = PBXFileReference; lastKnownFileType = sourcecode.swift; path = MyComputer.swift; sourceTree = "<group>"; };
		6B1179822054502400D1EB90 /* MyComputerDetailViewController.swift */ = {isa = PBXFileReference; lastKnownFileType = sourcecode.swift; path = MyComputerDetailViewController.swift; sourceTree = "<group>"; };
		6B117984205454BA00D1EB90 /* Network.swift */ = {isa = PBXFileReference; lastKnownFileType = sourcecode.swift; path = Network.swift; sourceTree = "<group>"; };
		6B1179862054550300D1EB90 /* Network.plist */ = {isa = PBXFileReference; lastKnownFileType = text.plist.xml; path = Network.plist; sourceTree = "<group>"; };
		6B117988205455D600D1EB90 /* NetworkDetailViewController.swift */ = {isa = PBXFileReference; lastKnownFileType = sourcecode.swift; path = NetworkDetailViewController.swift; sourceTree = "<group>"; };
		6B7CA35220519F4700DB4C3B /* DirectionsDetailViewController.swift */ = {isa = PBXFileReference; lastKnownFileType = sourcecode.swift; path = DirectionsDetailViewController.swift; sourceTree = "<group>"; };
		6B92FE2320543D07003149E2 /* MyComputer.plist */ = {isa = PBXFileReference; lastKnownFileType = text.plist.xml; path = MyComputer.plist; sourceTree = "<group>"; };
		6BB6E1B92050BAA6002EC3F1 /* Linux4Ltls.app */ = {isa = PBXFileReference; explicitFileType = wrapper.application; includeInIndex = 0; path = Linux4Ltls.app; sourceTree = BUILT_PRODUCTS_DIR; };
		6BB6E1BC2050BAA6002EC3F1 /* AppDelegate.swift */ = {isa = PBXFileReference; lastKnownFileType = sourcecode.swift; path = AppDelegate.swift; sourceTree = "<group>"; };
		6BB6E1C32050BAA6002EC3F1 /* Base */ = {isa = PBXFileReference; lastKnownFileType = file.storyboard; name = Base; path = Base.lproj/Main.storyboard; sourceTree = "<group>"; };
		6BB6E1C52050BAA6002EC3F1 /* Assets.xcassets */ = {isa = PBXFileReference; lastKnownFileType = folder.assetcatalog; path = Assets.xcassets; sourceTree = "<group>"; };
		6BB6E1C82050BAA6002EC3F1 /* Base */ = {isa = PBXFileReference; lastKnownFileType = file.storyboard; name = Base; path = Base.lproj/LaunchScreen.storyboard; sourceTree = "<group>"; };
		6BB6E1CA2050BAA6002EC3F1 /* Info.plist */ = {isa = PBXFileReference; lastKnownFileType = text.plist.xml; path = Info.plist; sourceTree = "<group>"; };
		6BB6E1D020516829002EC3F1 /* NetworkViewController.swift */ = {isa = PBXFileReference; lastKnownFileType = sourcecode.swift; path = NetworkViewController.swift; sourceTree = "<group>"; };
		6BB6E1D220516B11002EC3F1 /* MyComputerViewController.swift */ = {isa = PBXFileReference; lastKnownFileType = sourcecode.swift; path = MyComputerViewController.swift; sourceTree = "<group>"; };
		6BB6E1D420516BA3002EC3F1 /* DirectionsViewController.swift */ = {isa = PBXFileReference; lastKnownFileType = sourcecode.swift; path = DirectionsViewController.swift; sourceTree = "<group>"; };
		6BB6E1D620516DE1002EC3F1 /* Directions.plist */ = {isa = PBXFileReference; lastKnownFileType = text.plist.xml; path = Directions.plist; sourceTree = "<group>"; };
		6BB6E1D820517052002EC3F1 /* Directions.swift */ = {isa = PBXFileReference; lastKnownFileType = sourcecode.swift; path = Directions.swift; sourceTree = "<group>"; };
		7F5A91BA2A54C7601D7966D8 /* Pods-Linux4Ltls.release.xcconfig */ = {isa = PBXFileReference; includeInIndex = 1; lastKnownFileType = text.xcconfig; name = "Pods-Linux4Ltls.release.xcconfig"; path = "Pods/Target Support Files/Pods-Linux4Ltls/Pods-Linux4Ltls.release.xcconfig"; sourceTree = "<group>"; };
/* End PBXFileReference section */

/* Begin PBXFrameworksBuildPhase section */
		6BB6E1B62050BAA6002EC3F1 /* Frameworks */ = {
			isa = PBXFrameworksBuildPhase;
			buildActionMask = 2147483647;
			files = (
				DEB83E71F6E1B5BE0EF1A31D /* Pods_Linux4Ltls.framework in Frameworks */,
			);
			runOnlyForDeploymentPostprocessing = 0;
		};
/* End PBXFrameworksBuildPhase section */

/* Begin PBXGroup section */
		2700CCCA1883A1B6E09833DA /* Frameworks */ = {
			isa = PBXGroup;
			children = (
				196402424BFB9E90C3FCA2F8 /* Pods_Linux4Ltls.framework */,
			);
			name = Frameworks;
			sourceTree = "<group>";
		};
		6BB6E1B02050BAA6002EC3F1 = {
			isa = PBXGroup;
			children = (
				6BB6E1BB2050BAA6002EC3F1 /* Linux4Ltls */,
				6BB6E1BA2050BAA6002EC3F1 /* Products */,
				C392234AF05087C4FB59D306 /* Pods */,
				2700CCCA1883A1B6E09833DA /* Frameworks */,
			);
			sourceTree = "<group>";
		};
		6BB6E1BA2050BAA6002EC3F1 /* Products */ = {
			isa = PBXGroup;
			children = (
				6BB6E1B92050BAA6002EC3F1 /* Linux4Ltls.app */,
			);
			name = Products;
			sourceTree = "<group>";
		};
		6BB6E1BB2050BAA6002EC3F1 /* Linux4Ltls */ = {
			isa = PBXGroup;
			children = (
				6BB6E1BC2050BAA6002EC3F1 /* AppDelegate.swift */,
				6BB6E1D420516BA3002EC3F1 /* DirectionsViewController.swift */,
				6BB6E1D220516B11002EC3F1 /* MyComputerViewController.swift */,
				6BB6E1D020516829002EC3F1 /* NetworkViewController.swift */,
				6BB6E1D820517052002EC3F1 /* Directions.swift */,
				6B11798020544DCC00D1EB90 /* MyComputer.swift */,
				6B117984205454BA00D1EB90 /* Network.swift */,
				6B7CA35220519F4700DB4C3B /* DirectionsDetailViewController.swift */,
				6B1179822054502400D1EB90 /* MyComputerDetailViewController.swift */,
				6B117988205455D600D1EB90 /* NetworkDetailViewController.swift */,
				6BB6E1C22050BAA6002EC3F1 /* Main.storyboard */,
				6BB6E1C52050BAA6002EC3F1 /* Assets.xcassets */,
				6BB6E1C72050BAA6002EC3F1 /* LaunchScreen.storyboard */,
				6BB6E1CA2050BAA6002EC3F1 /* Info.plist */,
				6BB6E1D620516DE1002EC3F1 /* Directions.plist */,
				6B92FE2320543D07003149E2 /* MyComputer.plist */,
				6B1179862054550300D1EB90 /* Network.plist */,
			);
			path = Linux4Ltls;
			sourceTree = "<group>";
		};
		C392234AF05087C4FB59D306 /* Pods */ = {
			isa = PBXGroup;
			children = (
				52C310DB6FF315422006E001 /* Pods-Linux4Ltls.debug.xcconfig */,
				7F5A91BA2A54C7601D7966D8 /* Pods-Linux4Ltls.release.xcconfig */,
			);
			name = Pods;
			sourceTree = "<group>";
		};
/* End PBXGroup section */

/* Begin PBXNativeTarget section */
		6BB6E1B82050BAA6002EC3F1 /* Linux4Ltls */ = {
			isa = PBXNativeTarget;
			buildConfigurationList = 6BB6E1CD2050BAA6002EC3F1 /* Build configuration list for PBXNativeTarget "Linux4Ltls" */;
			buildPhases = (
				484EB673A723C5BCDDBAC4FB /* [CP] Check Pods Manifest.lock */,
				6BB6E1B52050BAA6002EC3F1 /* Sources */,
				6BB6E1B62050BAA6002EC3F1 /* Frameworks */,
				6BB6E1B72050BAA6002EC3F1 /* Resources */,
				61DBEDA19BF779EE1F3444A1 /* [CP] Embed Pods Frameworks */,
				38C250D6FC5F45475005A6B1 /* [CP] Copy Pods Resources */,
			);
			buildRules = (
			);
			dependencies = (
			);
			name = Linux4Ltls;
			productName = Linux4Ltls;
			productReference = 6BB6E1B92050BAA6002EC3F1 /* Linux4Ltls.app */;
			productType = "com.apple.product-type.application";
		};
/* End PBXNativeTarget section */

/* Begin PBXProject section */
		6BB6E1B12050BAA6002EC3F1 /* Project object */ = {
			isa = PBXProject;
			attributes = {
				LastSwiftUpdateCheck = 0920;
				LastUpgradeCheck = 0920;
				ORGANIZATIONNAME = "Dilara Madinger";
				TargetAttributes = {
					6BB6E1B82050BAA6002EC3F1 = {
						CreatedOnToolsVersion = 9.2;
						ProvisioningStyle = Automatic;
					};
				};
			};
			buildConfigurationList = 6BB6E1B42050BAA6002EC3F1 /* Build configuration list for PBXProject "Linux4Ltls" */;
			compatibilityVersion = "Xcode 8.0";
			developmentRegion = en;
			hasScannedForEncodings = 0;
			knownRegions = (
				en,
				Base,
			);
			mainGroup = 6BB6E1B02050BAA6002EC3F1;
			productRefGroup = 6BB6E1BA2050BAA6002EC3F1 /* Products */;
			projectDirPath = "";
			projectRoot = "";
			targets = (
				6BB6E1B82050BAA6002EC3F1 /* Linux4Ltls */,
			);
		};
/* End PBXProject section */

/* Begin PBXResourcesBuildPhase section */
		6BB6E1B72050BAA6002EC3F1 /* Resources */ = {
			isa = PBXResourcesBuildPhase;
			buildActionMask = 2147483647;
			files = (
				6BB6E1C92050BAA6002EC3F1 /* LaunchScreen.storyboard in Resources */,
				6BB6E1C62050BAA6002EC3F1 /* Assets.xcassets in Resources */,
				6B92FE2420543D07003149E2 /* MyComputer.plist in Resources */,
				6BB6E1D720516DE1002EC3F1 /* Directions.plist in Resources */,
				6BB6E1C42050BAA6002EC3F1 /* Main.storyboard in Resources */,
				6B1179872054550300D1EB90 /* Network.plist in Resources */,
			);
			runOnlyForDeploymentPostprocessing = 0;
		};
/* End PBXResourcesBuildPhase section */

/* Begin PBXShellScriptBuildPhase section */
		38C250D6FC5F45475005A6B1 /* [CP] Copy Pods Resources */ = {
			isa = PBXShellScriptBuildPhase;
			buildActionMask = 2147483647;
			files = (
			);
			inputPaths = (
			);
			name = "[CP] Copy Pods Resources";
			outputPaths = (
			);
			runOnlyForDeploymentPostprocessing = 0;
			shellPath = /bin/sh;
			shellScript = "\"${SRCROOT}/Pods/Target Support Files/Pods-Linux4Ltls/Pods-Linux4Ltls-resources.sh\"\n";
			showEnvVarsInLog = 0;
		};
		484EB673A723C5BCDDBAC4FB /* [CP] Check Pods Manifest.lock */ = {
			isa = PBXShellScriptBuildPhase;
			buildActionMask = 2147483647;
			files = (
			);
			inputPaths = (
				"${PODS_PODFILE_DIR_PATH}/Podfile.lock",
				"${PODS_ROOT}/Manifest.lock",
			);
			name = "[CP] Check Pods Manifest.lock";
			outputPaths = (
				"$(DERIVED_FILE_DIR)/Pods-Linux4Ltls-checkManifestLockResult.txt",
			);
			runOnlyForDeploymentPostprocessing = 0;
			shellPath = /bin/sh;
			shellScript = "diff \"${PODS_PODFILE_DIR_PATH}/Podfile.lock\" \"${PODS_ROOT}/Manifest.lock\" > /dev/null\nif [ $? != 0 ] ; then\n    # print error to STDERR\n    echo \"error: The sandbox is not in sync with the Podfile.lock. Run 'pod install' or update your CocoaPods installation.\" >&2\n    exit 1\nfi\n# This output is used by Xcode 'outputs' to avoid re-running this script phase.\necho \"SUCCESS\" > \"${SCRIPT_OUTPUT_FILE_0}\"\n";
			showEnvVarsInLog = 0;
		};
		61DBEDA19BF779EE1F3444A1 /* [CP] Embed Pods Frameworks */ = {
			isa = PBXShellScriptBuildPhase;
			buildActionMask = 2147483647;
			files = (
			);
			inputPaths = (
				"${SRCROOT}/Pods/Target Support Files/Pods-Linux4Ltls/Pods-Linux4Ltls-frameworks.sh",
				"${BUILT_PRODUCTS_DIR}/Realm/Realm.framework",
				"${BUILT_PRODUCTS_DIR}/RealmSwift/RealmSwift.framework",
			);
			name = "[CP] Embed Pods Frameworks";
			outputPaths = (
				"${TARGET_BUILD_DIR}/${FRAMEWORKS_FOLDER_PATH}/Realm.framework",
				"${TARGET_BUILD_DIR}/${FRAMEWORKS_FOLDER_PATH}/RealmSwift.framework",
			);
			runOnlyForDeploymentPostprocessing = 0;
			shellPath = /bin/sh;
			shellScript = "\"${SRCROOT}/Pods/Target Support Files/Pods-Linux4Ltls/Pods-Linux4Ltls-frameworks.sh\"\n";
			showEnvVarsInLog = 0;
		};
/* End PBXShellScriptBuildPhase section */

/* Begin PBXSourcesBuildPhase section */
		6BB6E1B52050BAA6002EC3F1 /* Sources */ = {
			isa = PBXSourcesBuildPhase;
			buildActionMask = 2147483647;
			files = (
				6BB6E1BD2050BAA6002EC3F1 /* AppDelegate.swift in Sources */,
				6BB6E1D120516829002EC3F1 /* NetworkViewController.swift in Sources */,
				6BB6E1D520516BA3002EC3F1 /* DirectionsViewController.swift in Sources */,
				6BB6E1D320516B11002EC3F1 /* MyComputerViewController.swift in Sources */,
				6BB6E1D920517052002EC3F1 /* Directions.swift in Sources */,
				6B117985205454BA00D1EB90 /* Network.swift in Sources */,
				6B117989205455D600D1EB90 /* NetworkDetailViewController.swift in Sources */,
				6B7CA35320519F4700DB4C3B /* DirectionsDetailViewController.swift in Sources */,
				6B1179832054502400D1EB90 /* MyComputerDetailViewController.swift in Sources */,
				6B11798120544DCC00D1EB90 /* MyComputer.swift in Sources */,
			);
			runOnlyForDeploymentPostprocessing = 0;
		};
/* End PBXSourcesBuildPhase section */

/* Begin PBXVariantGroup section */
		6BB6E1C22050BAA6002EC3F1 /* Main.storyboard */ = {
			isa = PBXVariantGroup;
			children = (
				6BB6E1C32050BAA6002EC3F1 /* Base */,
			);
			name = Main.storyboard;
			sourceTree = "<group>";
		};
		6BB6E1C72050BAA6002EC3F1 /* LaunchScreen.storyboard */ = {
			isa = PBXVariantGroup;
			children = (
				6BB6E1C82050BAA6002EC3F1 /* Base */,
			);
			name = LaunchScreen.storyboard;
			sourceTree = "<group>";
		};
/* End PBXVariantGroup section */

/* Begin XCBuildConfiguration section */
		6BB6E1CB2050BAA6002EC3F1 /* Debug */ = {
			isa = XCBuildConfiguration;
			buildSettings = {
				ALWAYS_SEARCH_USER_PATHS = NO;
				CLANG_ANALYZER_NONNULL = YES;
				CLANG_ANALYZER_NUMBER_OBJECT_CONVERSION = YES_AGGRESSIVE;
				CLANG_CXX_LANGUAGE_STANDARD = "gnu++14";
				CLANG_CXX_LIBRARY = "libc++";
				CLANG_ENABLE_MODULES = YES;
				CLANG_ENABLE_OBJC_ARC = YES;
				CLANG_WARN_BLOCK_CAPTURE_AUTORELEASING = YES;
				CLANG_WARN_BOOL_CONVERSION = YES;
				CLANG_WARN_COMMA = YES;
				CLANG_WARN_CONSTANT_CONVERSION = YES;
				CLANG_WARN_DIRECT_OBJC_ISA_USAGE = YES_ERROR;
				CLANG_WARN_DOCUMENTATION_COMMENTS = YES;
				CLANG_WARN_EMPTY_BODY = YES;
				CLANG_WARN_ENUM_CONVERSION = YES;
				CLANG_WARN_INFINITE_RECURSION = YES;
				CLANG_WARN_INT_CONVERSION = YES;
				CLANG_WARN_NON_LITERAL_NULL_CONVERSION = YES;
				CLANG_WARN_OBJC_LITERAL_CONVERSION = YES;
				CLANG_WARN_OBJC_ROOT_CLASS = YES_ERROR;
				CLANG_WARN_RANGE_LOOP_ANALYSIS = YES;
				CLANG_WARN_STRICT_PROTOTYPES = YES;
				CLANG_WARN_SUSPICIOUS_MOVE = YES;
				CLANG_WARN_UNGUARDED_AVAILABILITY = YES_AGGRESSIVE;
				CLANG_WARN_UNREACHABLE_CODE = YES;
				CLANG_WARN__DUPLICATE_METHOD_MATCH = YES;
				CODE_SIGN_IDENTITY = "iPhone Developer";
				COPY_PHASE_STRIP = NO;
				DEBUG_INFORMATION_FORMAT = dwarf;
				ENABLE_STRICT_OBJC_MSGSEND = YES;
				ENABLE_TESTABILITY = YES;
				GCC_C_LANGUAGE_STANDARD = gnu11;
				GCC_DYNAMIC_NO_PIC = NO;
				GCC_NO_COMMON_BLOCKS = YES;
				GCC_OPTIMIZATION_LEVEL = 0;
				GCC_PREPROCESSOR_DEFINITIONS = (
					"DEBUG=1",
					"$(inherited)",
				);
				GCC_WARN_64_TO_32_BIT_CONVERSION = YES;
				GCC_WARN_ABOUT_RETURN_TYPE = YES_ERROR;
				GCC_WARN_UNDECLARED_SELECTOR = YES;
				GCC_WARN_UNINITIALIZED_AUTOS = YES_AGGRESSIVE;
				GCC_WARN_UNUSED_FUNCTION = YES;
				GCC_WARN_UNUSED_VARIABLE = YES;
				IPHONEOS_DEPLOYMENT_TARGET = 11.2;
				MTL_ENABLE_DEBUG_INFO = YES;
				ONLY_ACTIVE_ARCH = YES;
				SDKROOT = iphoneos;
				SWIFT_ACTIVE_COMPILATION_CONDITIONS = DEBUG;
				SWIFT_OPTIMIZATION_LEVEL = "-Onone";
			};
			name = Debug;
		};
		6BB6E1CC2050BAA6002EC3F1 /* Release */ = {
			isa = XCBuildConfiguration;
			buildSettings = {
				ALWAYS_SEARCH_USER_PATHS = NO;
				CLANG_ANALYZER_NONNULL = YES;
				CLANG_ANALYZER_NUMBER_OBJECT_CONVERSION = YES_AGGRESSIVE;
				CLANG_CXX_LANGUAGE_STANDARD = "gnu++14";
				CLANG_CXX_LIBRARY = "libc++";
				CLANG_ENABLE_MODULES = YES;
				CLANG_ENABLE_OBJC_ARC = YES;
				CLANG_WARN_BLOCK_CAPTURE_AUTORELEASING = YES;
				CLANG_WARN_BOOL_CONVERSION = YES;
				CLANG_WARN_COMMA = YES;
				CLANG_WARN_CONSTANT_CONVERSION = YES;
				CLANG_WARN_DIRECT_OBJC_ISA_USAGE = YES_ERROR;
				CLANG_WARN_DOCUMENTATION_COMMENTS = YES;
				CLANG_WARN_EMPTY_BODY = YES;
				CLANG_WARN_ENUM_CONVERSION = YES;
				CLANG_WARN_INFINITE_RECURSION = YES;
				CLANG_WARN_INT_CONVERSION = YES;
				CLANG_WARN_NON_LITERAL_NULL_CONVERSION = YES;
				CLANG_WARN_OBJC_LITERAL_CONVERSION = YES;
				CLANG_WARN_OBJC_ROOT_CLASS = YES_ERROR;
				CLANG_WARN_RANGE_LOOP_ANALYSIS = YES;
				CLANG_WARN_STRICT_PROTOTYPES = YES;
				CLANG_WARN_SUSPICIOUS_MOVE = YES;
				CLANG_WARN_UNGUARDED_AVAILABILITY = YES_AGGRESSIVE;
				CLANG_WARN_UNREACHABLE_CODE = YES;
				CLANG_WARN__DUPLICATE_METHOD_MATCH = YES;
				CODE_SIGN_IDENTITY = "iPhone Developer";
				COPY_PHASE_STRIP = NO;
				DEBUG_INFORMATION_FORMAT = "dwarf-with-dsym";
				ENABLE_NS_ASSERTIONS = NO;
				ENABLE_STRICT_OBJC_MSGSEND = YES;
				GCC_C_LANGUAGE_STANDARD = gnu11;
				GCC_NO_COMMON_BLOCKS = YES;
				GCC_WARN_64_TO_32_BIT_CONVERSION = YES;
				GCC_WARN_ABOUT_RETURN_TYPE = YES_ERROR;
				GCC_WARN_UNDECLARED_SELECTOR = YES;
				GCC_WARN_UNINITIALIZED_AUTOS = YES_AGGRESSIVE;
				GCC_WARN_UNUSED_FUNCTION = YES;
				GCC_WARN_UNUSED_VARIABLE = YES;
				IPHONEOS_DEPLOYMENT_TARGET = 11.2;
				MTL_ENABLE_DEBUG_INFO = NO;
				SDKROOT = iphoneos;
				SWIFT_OPTIMIZATION_LEVEL = "-Owholemodule";
				VALIDATE_PRODUCT = YES;
			};
			name = Release;
		};
		6BB6E1CE2050BAA6002EC3F1 /* Debug */ = {
			isa = XCBuildConfiguration;
			baseConfigurationReference = 52C310DB6FF315422006E001 /* Pods-Linux4Ltls.debug.xcconfig */;
			buildSettings = {
				ASSETCATALOG_COMPILER_APPICON_NAME = AppIcon;
				CODE_SIGN_STYLE = Automatic;
				DEVELOPMENT_TEAM = LB875SBW6C;
				INFOPLIST_FILE = Linux4Ltls/Info.plist;
				LD_RUNPATH_SEARCH_PATHS = "$(inherited) @executable_path/Frameworks";
				PRODUCT_BUNDLE_IDENTIFIER = cu.Linux4Ltls;
				PRODUCT_NAME = "$(TARGET_NAME)";
				SWIFT_VERSION = 4.0;
				TARGETED_DEVICE_FAMILY = "1,2";
			};
			name = Debug;
		};
		6BB6E1CF2050BAA6002EC3F1 /* Release */ = {
			isa = XCBuildConfiguration;
			baseConfigurationReference = 7F5A91BA2A54C7601D7966D8 /* Pods-Linux4Ltls.release.xcconfig */;
			buildSettings = {
				ASSETCATALOG_COMPILER_APPICON_NAME = AppIcon;
				CODE_SIGN_STYLE = Automatic;
				DEVELOPMENT_TEAM = LB875SBW6C;
				INFOPLIST_FILE = Linux4Ltls/Info.plist;
				LD_RUNPATH_SEARCH_PATHS = "$(inherited) @executable_path/Frameworks";
				PRODUCT_BUNDLE_IDENTIFIER = cu.Linux4Ltls;
				PRODUCT_NAME = "$(TARGET_NAME)";
				SWIFT_VERSION = 4.0;
				TARGETED_DEVICE_FAMILY = "1,2";
			};
			name = Release;
		};
/* End XCBuildConfiguration section */

/* Begin XCConfigurationList section */
		6BB6E1B42050BAA6002EC3F1 /* Build configuration list for PBXProject "Linux4Ltls" */ = {
			isa = XCConfigurationList;
			buildConfigurations = (
				6BB6E1CB2050BAA6002EC3F1 /* Debug */,
				6BB6E1CC2050BAA6002EC3F1 /* Release */,
			);
			defaultConfigurationIsVisible = 0;
			defaultConfigurationName = Release;
		};
		6BB6E1CD2050BAA6002EC3F1 /* Build configuration list for PBXNativeTarget "Linux4Ltls" */ = {
			isa = XCConfigurationList;
			buildConfigurations = (
				6BB6E1CE2050BAA6002EC3F1 /* Debug */,
				6BB6E1CF2050BAA6002EC3F1 /* Release */,
			);
			defaultConfigurationIsVisible = 0;
			defaultConfigurationName = Release;
		};
/* End XCConfigurationList section */
	};
	rootObject = 6BB6E1B12050BAA6002EC3F1 /* Project object */;
}
